
Microsoft Visual Studio Solution File, Format Version 12.00
# Visual Studio Version 16
VisualStudioVersion = 16.0.31019.35
MinimumVisualStudioVersion = 10.0.40219.1
Project("{9A19103F-16F7-4668-BE54-9A1E7A4F7556}") = "Tap2021Demo.Console", "Tap2021Demo.Console\Tap2021Demo.Console.csproj", "{29A334F3-6DFC-451E-A195-EFE2066BC591}"
EndProject
Project("{9A19103F-16F7-4668-BE54-9A1E7A4F7556}") = "Tap2021Demo.DomainEntities", "Tap2021Demo.DomainEntities\Tap2021Demo.DomainEntities.csproj", "{0DACCD74-2CC0-40D7-87E2-DFFD415ED045}"
EndProject
Project("{9A19103F-16F7-4668-BE54-9A1E7A4F7556}") = "Tap2021Demo.Utilities.DataImport", "Tap2021Demo.Utilities.DataImport\Tap2021Demo.Utilities.DataImport.csproj", "{0CC51B18-B645-4D26-AEE1-6DE9EC4C5680}"
EndProject
Project("{9A19103F-16F7-4668-BE54-9A1E7A4F7556}") = "Tap2021Demo.Extensions", "Tap2021Demo.Extensions\Tap2021Demo.Extensions.csproj", "{C8E6DB10-9B30-481A-AEFE-C8B6819A96D7}"
EndProject
Project("{FAE04EC0-301F-11D3-BF4B-00C04F79EFBC}") = "Tap2021Demo.Examples.Ef.Web", "Tap2021Demo.Examples.Ef.Web\Tap2021Demo.Examples.Ef.Web.csproj", "{2F32425E-DCB0-4738-938D-05F292B46426}"
EndProject
Global
	GlobalSection(SolutionConfigurationPlatforms) = preSolution
		Debug|Any CPU = Debug|Any CPU
		Release|Any CPU = Release|Any CPU
	EndGlobalSection
	GlobalSection(ProjectConfigurationPlatforms) = postSolution
		{29A334F3-6DFC-451E-A195-EFE2066BC591}.Debug|Any CPU.ActiveCfg = Debug|Any CPU
		{29A334F3-6DFC-451E-A195-EFE2066BC591}.Debug|Any CPU.Build.0 = Debug|Any CPU
		{29A334F3-6DFC-451E-A195-EFE2066BC591}.Release|Any CPU.ActiveCfg = Release|Any CPU
		{29A334F3-6DFC-451E-A195-EFE2066BC591}.Release|Any CPU.Build.0 = Release|Any CPU
		{0DACCD74-2CC0-40D7-87E2-DFFD415ED045}.Debug|Any CPU.ActiveCfg = Debug|Any CPU
		{0DACCD74-2CC0-40D7-87E2-DFFD415ED045}.Debug|Any CPU.Build.0 = Debug|Any CPU
		{0DACCD74-2CC0-40D7-87E2-DFFD415ED045}.Release|Any CPU.ActiveCfg = Release|Any CPU
		{0DACCD74-2CC0-40D7-87E2-DFFD415ED045}.Release|Any CPU.Build.0 = Release|Any CPU
		{0CC51B18-B645-4D26-AEE1-6DE9EC4C5680}.Debug|Any CPU.ActiveCfg = Debug|Any CPU
		{0CC51B18-B645-4D26-AEE1-6DE9EC4C5680}.Debug|Any CPU.Build.0 = Debug|Any CPU
		{0CC51B18-B645-4D26-AEE1-6DE9EC4C5680}.Release|Any CPU.ActiveCfg = Release|Any CPU
		{0CC51B18-B645-4D26-AEE1-6DE9EC4C5680}.Release|Any CPU.Build.0 = Release|Any CPU
		{C8E6DB10-9B30-481A-AEFE-C8B6819A96D7}.Debug|Any CPU.ActiveCfg = Debug|Any CPU
		{C8E6DB10-9B30-481A-AEFE-C8B6819A96D7}.Debug|Any CPU.Build.0 = Debug|Any CPU
		{C8E6DB10-9B30-481A-AEFE-C8B6819A96D7}.Release|Any CPU.ActiveCfg = Release|Any CPU
		{C8E6DB10-9B30-481A-AEFE-C8B6819A96D7}.Release|Any CPU.Build.0 = Release|Any CPU
		{2F32425E-DCB0-4738-938D-05F292B46426}.Debug|Any CPU.ActiveCfg = Debug|Any CPU
		{2F32425E-DCB0-4738-938D-05F292B46426}.Debug|Any CPU.Build.0 = Debug|Any CPU
		{2F32425E-DCB0-4738-938D-05F292B46426}.Release|Any CPU.ActiveCfg = Release|Any CPU
		{2F32425E-DCB0-4738-938D-05F292B46426}.Release|Any CPU.Build.0 = Release|Any CPU
	EndGlobalSection
	GlobalSection(SolutionProperties) = preSolution
		HideSolutionNode = FALSE
	EndGlobalSection
	GlobalSection(ExtensibilityGlobals) = postSolution
		SolutionGuid = {D0FA2654-198D-4BE4-9E87-700A72D60BDD}
	EndGlobalSection
EndGlobal
