
Microsoft Visual Studio Solution File, Format Version 12.00
# Visual Studio Version 16
VisualStudioVersion = 16.0.31229.75
MinimumVisualStudioVersion = 10.0.40219.1
Project("{FAE04EC0-301F-11D3-BF4B-00C04F79EFBC}") = "Tap2021.Hotel.Infrastructure.DataAccess", "Tap2021.Hotel.Infrastructure.DataAccess\Tap2021.Hotel.Infrastructure.DataAccess.csproj", "{7180F187-0378-455E-B64A-2E277840DAB3}"
EndProject
Project("{9A19103F-16F7-4668-BE54-9A1E7A4F7556}") = "Tap2021.Hotel.DomainEntities", "Tap2021.Hotel.DomainEntities\Tap2021.Hotel.DomainEntities.csproj", "{75040794-0D6E-48D1-B831-4594782D78FF}"
EndProject
Global
	GlobalSection(SolutionConfigurationPlatforms) = preSolution
		Debug|Any CPU = Debug|Any CPU
		Release|Any CPU = Release|Any CPU
	EndGlobalSection
	GlobalSection(ProjectConfigurationPlatforms) = postSolution
		{7180F187-0378-455E-B64A-2E277840DAB3}.Debug|Any CPU.ActiveCfg = Debug|Any CPU
		{7180F187-0378-455E-B64A-2E277840DAB3}.Debug|Any CPU.Build.0 = Debug|Any CPU
		{7180F187-0378-455E-B64A-2E277840DAB3}.Release|Any CPU.ActiveCfg = Release|Any CPU
		{7180F187-0378-455E-B64A-2E277840DAB3}.Release|Any CPU.Build.0 = Release|Any CPU
		{75040794-0D6E-48D1-B831-4594782D78FF}.Debug|Any CPU.ActiveCfg = Debug|Any CPU
		{75040794-0D6E-48D1-B831-4594782D78FF}.Debug|Any CPU.Build.0 = Debug|Any CPU
		{75040794-0D6E-48D1-B831-4594782D78FF}.Release|Any CPU.ActiveCfg = Release|Any CPU
		{75040794-0D6E-48D1-B831-4594782D78FF}.Release|Any CPU.Build.0 = Release|Any CPU
	EndGlobalSection
	GlobalSection(SolutionProperties) = preSolution
		HideSolutionNode = FALSE
	EndGlobalSection
	GlobalSection(ExtensibilityGlobals) = postSolution
		SolutionGuid = {0EA7C220-78AC-4C60-8445-D563F50B6399}
	EndGlobalSection
EndGlobal
