
Microsoft Visual Studio Solution File, Format Version 12.00
# Visual Studio Version 16
VisualStudioVersion = 16.0.31229.75
MinimumVisualStudioVersion = 10.0.40219.1
Project("{FAE04EC0-301F-11D3-BF4B-00C04F79EFBC}") = "Tap2021.Hote.DomainEntities", "Tap2021.Hote.DomainEntities\Tap2021.Hote.DomainEntities.csproj", "{A153743D-894B-494A-8F00-63E221C60568}"
EndProject
Global
	GlobalSection(SolutionConfigurationPlatforms) = preSolution
		Debug|Any CPU = Debug|Any CPU
		Release|Any CPU = Release|Any CPU
	EndGlobalSection
	GlobalSection(ProjectConfigurationPlatforms) = postSolution
		{A153743D-894B-494A-8F00-63E221C60568}.Debug|Any CPU.ActiveCfg = Debug|Any CPU
		{A153743D-894B-494A-8F00-63E221C60568}.Debug|Any CPU.Build.0 = Debug|Any CPU
		{A153743D-894B-494A-8F00-63E221C60568}.Release|Any CPU.ActiveCfg = Release|Any CPU
		{A153743D-894B-494A-8F00-63E221C60568}.Release|Any CPU.Build.0 = Release|Any CPU
	EndGlobalSection
	GlobalSection(SolutionProperties) = preSolution
		HideSolutionNode = FALSE
	EndGlobalSection
	GlobalSection(ExtensibilityGlobals) = postSolution
		SolutionGuid = {0EA7C220-78AC-4C60-8445-D563F50B6399}
	EndGlobalSection
EndGlobal
